# This file was autogenerated by Stack.
# You should not edit this file by hand.
# For more information, please see the documentation at:
#   https://docs.haskellstack.org/en/stable/lock_files

packages:
- completed:
    hackage: beam-postgres-0.3.2.0@sha256:038b270b1f8f08f2f3449cfca6bd4f2f66819b8c93106674232c28baf21f8e0b,3270
    pantry-tree:
      sha256: 17d09aea03699e7140649753cf77579d38da915332f8628eb0bb3d1a2843bbb2
      size: 904
  original:
    hackage: beam-postgres-0.3.2.0
- completed:
    hackage: beam-migrate-0.3.2.1@sha256:fb9d918e43f296c507cf94823aed4bc2790e4b7a0c407eaa027118d980350fbe,4974
    pantry-tree:
      sha256: ec9468c7532c90fb3c1abca8d35ab62716f71fbcfd0cb99c41958bcb0a6289f0
      size: 1720
  original:
    hackage: beam-migrate-0.3.2.1
- completed:
    hackage: vinyl-0.10.0@sha256:15fe09c0c63fedfb31c061fda0d6a45a90d5f5b2fe703af30d29308e6fe684ed,3797
    pantry-tree:
      sha256: d21a2d427c2a7462432a85a7ffdffffba8f45027dd692c6c5f4a61152436b199
      size: 1799
  original:
    hackage: vinyl-0.10.0
- completed:
    hackage: Frames-0.5.0@sha256:af07ca930809cc66e47fb5974b2a642690c31dfa3aa114163cb9cbc8732b8edb,8499
    pantry-tree:
      sha256: 5a23eda9faf0835f5a820a812cc06ee0950ca1c991d3e53390a0ff2928efcf9b
      size: 3700
  original:
    hackage: Frames-0.5.0
- completed:
    hackage: beam-core-0.7.2.1@sha256:7b56e1b75393a2a7010ffcd725dfbc8213043d2939bb4919c7e36c9e551dd329,4726
    pantry-tree:
      sha256: cb42925007b917cfd37ea688ebdaa0172c28344d8d10b7b9db183a76d21986e4
      size: 2269
  original:
    hackage: beam-core-0.7.2.1@sha256:7b56e1b75393a2a7010ffcd725dfbc8213043d2939bb4919c7e36c9e551dd329,4726
snapshots:
- completed:
    sha256: 341870ac98d8a9f8f77c4adf2e9e0b22063e264a7fbeb4c85b7af5f380dac60e
    size: 527836
    url: https://raw.githubusercontent.com/commercialhaskell/stackage-snapshots/master/lts/11/22.yaml
  original: lts-11.22
